
Microsoft Visual Studio Solution File, Format Version 12.00
# Visual Studio 15
VisualStudioVersion = 15.0.26403.7
MinimumVisualStudioVersion = 10.0.40219.1
Project("{FAE04EC0-301F-11D3-BF4B-00C04F79EFBC}") = "BookLogic", "BookLogic\BookLogic.csproj", "{A7256883-C5ED-4F3F-8EE5-31C8CB6B7F43}"
EndProject
Project("{FAE04EC0-301F-11D3-BF4B-00C04F79EFBC}") = "ConsoleUI", "ConsoleUI\ConsoleUI.csproj", "{76A19648-55F9-4B30-9A45-1B17E3738531}"
EndProject
Project("{FAE04EC0-301F-11D3-BF4B-00C04F79EFBC}") = "BookListServiceLogic", "BookListServiceLogic\BookListServiceLogic.csproj", "{7DDCF7EB-143D-4E0D-80C6-BA18484DB88B}"
EndProject
Project("{FAE04EC0-301F-11D3-BF4B-00C04F79EFBC}") = "BookListStorageLogic", "BookListStorageLogic\BookListStorageLogic.csproj", "{05B12110-D496-4C2F-B11B-F72CDCB37BB8}"
EndProject
Global
	GlobalSection(SolutionConfigurationPlatforms) = preSolution
		Debug|Any CPU = Debug|Any CPU
		Release|Any CPU = Release|Any CPU
	EndGlobalSection
	GlobalSection(ProjectConfigurationPlatforms) = postSolution
		{A7256883-C5ED-4F3F-8EE5-31C8CB6B7F43}.Debug|Any CPU.ActiveCfg = Debug|Any CPU
		{A7256883-C5ED-4F3F-8EE5-31C8CB6B7F43}.Debug|Any CPU.Build.0 = Debug|Any CPU
		{A7256883-C5ED-4F3F-8EE5-31C8CB6B7F43}.Release|Any CPU.ActiveCfg = Release|Any CPU
		{A7256883-C5ED-4F3F-8EE5-31C8CB6B7F43}.Release|Any CPU.Build.0 = Release|Any CPU
		{76A19648-55F9-4B30-9A45-1B17E3738531}.Debug|Any CPU.ActiveCfg = Debug|Any CPU
		{76A19648-55F9-4B30-9A45-1B17E3738531}.Debug|Any CPU.Build.0 = Debug|Any CPU
		{76A19648-55F9-4B30-9A45-1B17E3738531}.Release|Any CPU.ActiveCfg = Release|Any CPU
		{76A19648-55F9-4B30-9A45-1B17E3738531}.Release|Any CPU.Build.0 = Release|Any CPU
		{7DDCF7EB-143D-4E0D-80C6-BA18484DB88B}.Debug|Any CPU.ActiveCfg = Debug|Any CPU
		{7DDCF7EB-143D-4E0D-80C6-BA18484DB88B}.Debug|Any CPU.Build.0 = Debug|Any CPU
		{7DDCF7EB-143D-4E0D-80C6-BA18484DB88B}.Release|Any CPU.ActiveCfg = Release|Any CPU
		{7DDCF7EB-143D-4E0D-80C6-BA18484DB88B}.Release|Any CPU.Build.0 = Release|Any CPU
		{05B12110-D496-4C2F-B11B-F72CDCB37BB8}.Debug|Any CPU.ActiveCfg = Debug|Any CPU
		{05B12110-D496-4C2F-B11B-F72CDCB37BB8}.Debug|Any CPU.Build.0 = Debug|Any CPU
		{05B12110-D496-4C2F-B11B-F72CDCB37BB8}.Release|Any CPU.ActiveCfg = Release|Any CPU
		{05B12110-D496-4C2F-B11B-F72CDCB37BB8}.Release|Any CPU.Build.0 = Release|Any CPU
	EndGlobalSection
	GlobalSection(SolutionProperties) = preSolution
		HideSolutionNode = FALSE
	EndGlobalSection
EndGlobal
